
Microsoft Visual Studio Solution File, Format Version 12.00
# Visual Studio Version 17
VisualStudioVersion = 17.7.34031.279
MinimumVisualStudioVersion = 10.0.40219.1
Project("{FAE04EC0-301F-11D3-BF4B-00C04F79EFBC}") = "Lab_loops", "Lab_loops\Lab_loops.csproj", "{EDE7DFFF-9CF2-4306-9A80-00114A9794AB}"
EndProject
Global
	GlobalSection(SolutionConfigurationPlatforms) = preSolution
		Debug|Any CPU = Debug|Any CPU
		Release|Any CPU = Release|Any CPU
	EndGlobalSection
	GlobalSection(ProjectConfigurationPlatforms) = postSolution
		{EDE7DFFF-9CF2-4306-9A80-00114A9794AB}.Debug|Any CPU.ActiveCfg = Debug|Any CPU
		{EDE7DFFF-9CF2-4306-9A80-00114A9794AB}.Debug|Any CPU.Build.0 = Debug|Any CPU
		{EDE7DFFF-9CF2-4306-9A80-00114A9794AB}.Release|Any CPU.ActiveCfg = Release|Any CPU
		{EDE7DFFF-9CF2-4306-9A80-00114A9794AB}.Release|Any CPU.Build.0 = Release|Any CPU
	EndGlobalSection
	GlobalSection(SolutionProperties) = preSolution
		HideSolutionNode = FALSE
	EndGlobalSection
	GlobalSection(ExtensibilityGlobals) = postSolution
		SolutionGuid = {D41298DE-680B-4DFF-AEAD-A2FCA21608E0}
	EndGlobalSection
EndGlobal
